// !$*UTF8*$!
{
	archiveVersion = 1;
	classes = {
	};
	objectVersion = 46;
	objects = {

/* Begin PBXBuildFile section */
		387E9EC11998D9570063E789 /* Foundation.framework in Frameworks */ = {isa = PBXBuildFile; fileRef = 387E9EC01998D9570063E789 /* Foundation.framework */; };
		387E9EC31998D9570063E789 /* CoreGraphics.framework in Frameworks */ = {isa = PBXBuildFile; fileRef = 387E9EC21998D9570063E789 /* CoreGraphics.framework */; };
		387E9EC51998D9570063E789 /* UIKit.framework in Frameworks */ = {isa = PBXBuildFile; fileRef = 387E9EC41998D9570063E789 /* UIKit.framework */; };
		387E9ECB1998D9570063E789 /* InfoPlist.strings in Resources */ = {isa = PBXBuildFile; fileRef = 387E9EC91998D9570063E789 /* InfoPlist.strings */; };
		387E9ECD1998D9570063E789 /* main.m in Sources */ = {isa = PBXBuildFile; fileRef = 387E9ECC1998D9570063E789 /* main.m */; };
		387E9ED11998D9570063E789 /* KardzAppDelegate.m in Sources */ = {isa = PBXBuildFile; fileRef = 387E9ED01998D9570063E789 /* KardzAppDelegate.m */; };
		387E9ED41998D9570063E789 /* Main.storyboard in Resources */ = {isa = PBXBuildFile; fileRef = 387E9ED21998D9570063E789 /* Main.storyboard */; };
		387E9ED71998D9570063E789 /* KardzViewController.m in Sources */ = {isa = PBXBuildFile; fileRef = 387E9ED61998D9570063E789 /* KardzViewController.m */; };
		387E9ED91998D9570063E789 /* Images.xcassets in Resources */ = {isa = PBXBuildFile; fileRef = 387E9ED81998D9570063E789 /* Images.xcassets */; };
		387E9EE01998D9570063E789 /* XCTest.framework in Frameworks */ = {isa = PBXBuildFile; fileRef = 387E9EDF1998D9570063E789 /* XCTest.framework */; };
		387E9EE11998D9570063E789 /* Foundation.framework in Frameworks */ = {isa = PBXBuildFile; fileRef = 387E9EC01998D9570063E789 /* Foundation.framework */; };
		387E9EE21998D9570063E789 /* UIKit.framework in Frameworks */ = {isa = PBXBuildFile; fileRef = 387E9EC41998D9570063E789 /* UIKit.framework */; };
		387E9EEA1998D9580063E789 /* InfoPlist.strings in Resources */ = {isa = PBXBuildFile; fileRef = 387E9EE81998D9580063E789 /* InfoPlist.strings */; };
		387E9EEC1998D9580063E789 /* KardzTests.m in Sources */ = {isa = PBXBuildFile; fileRef = 387E9EEB1998D9580063E789 /* KardzTests.m */; };
		387E9EF71998EBC80063E789 /* KardzCard.m in Sources */ = {isa = PBXBuildFile; fileRef = 387E9EF61998EBC80063E789 /* KardzCard.m */; };
		387E9EFB1998EC360063E789 /* KardzPlayingCard.m in Sources */ = {isa = PBXBuildFile; fileRef = 387E9EFA1998EC360063E789 /* KardzPlayingCard.m */; };
		387E9EFE1998EEDE0063E789 /* KardzDeck.m in Sources */ = {isa = PBXBuildFile; fileRef = 387E9EFD1998EEDE0063E789 /* KardzDeck.m */; };
		387E9F011998EEFA0063E789 /* KardzPlayingCardsDeck.m in Sources */ = {isa = PBXBuildFile; fileRef = 387E9F001998EEFA0063E789 /* KardzPlayingCardsDeck.m */; };
		387E9F04199A252A0063E789 /* KardzCardMatchingGame.m in Sources */ = {isa = PBXBuildFile; fileRef = 387E9F03199A252A0063E789 /* KardzCardMatchingGame.m */; };
/* End PBXBuildFile section */

/* Begin PBXContainerItemProxy section */
		387E9EE31998D9580063E789 /* PBXContainerItemProxy */ = {
			isa = PBXContainerItemProxy;
			containerPortal = 387E9EB51998D9570063E789 /* Project object */;
			proxyType = 1;
			remoteGlobalIDString = 387E9EBC1998D9570063E789;
			remoteInfo = Kardz;
		};
/* End PBXContainerItemProxy section */

/* Begin PBXFileReference section */
		387E9EBD1998D9570063E789 /* Kardz.app */ = {isa = PBXFileReference; explicitFileType = wrapper.application; includeInIndex = 0; path = Kardz.app; sourceTree = BUILT_PRODUCTS_DIR; };
		387E9EC01998D9570063E789 /* Foundation.framework */ = {isa = PBXFileReference; lastKnownFileType = wrapper.framework; name = Foundation.framework; path = System/Library/Frameworks/Foundation.framework; sourceTree = SDKROOT; };
		387E9EC21998D9570063E789 /* CoreGraphics.framework */ = {isa = PBXFileReference; lastKnownFileType = wrapper.framework; name = CoreGraphics.framework; path = System/Library/Frameworks/CoreGraphics.framework; sourceTree = SDKROOT; };
		387E9EC41998D9570063E789 /* UIKit.framework */ = {isa = PBXFileReference; lastKnownFileType = wrapper.framework; name = UIKit.framework; path = System/Library/Frameworks/UIKit.framework; sourceTree = SDKROOT; };
		387E9EC81998D9570063E789 /* Kardz-Info.plist */ = {isa = PBXFileReference; lastKnownFileType = text.plist.xml; path = "Kardz-Info.plist"; sourceTree = "<group>"; };
		387E9ECA1998D9570063E789 /* en */ = {isa = PBXFileReference; lastKnownFileType = text.plist.strings; name = en; path = en.lproj/InfoPlist.strings; sourceTree = "<group>"; };
		387E9ECC1998D9570063E789 /* main.m */ = {isa = PBXFileReference; lastKnownFileType = sourcecode.c.objc; path = main.m; sourceTree = "<group>"; };
		387E9ECE1998D9570063E789 /* Kardz-Prefix.pch */ = {isa = PBXFileReference; lastKnownFileType = sourcecode.c.h; path = "Kardz-Prefix.pch"; sourceTree = "<group>"; };
		387E9ECF1998D9570063E789 /* KardzAppDelegate.h */ = {isa = PBXFileReference; lastKnownFileType = sourcecode.c.h; path = KardzAppDelegate.h; sourceTree = "<group>"; };
		387E9ED01998D9570063E789 /* KardzAppDelegate.m */ = {isa = PBXFileReference; lastKnownFileType = sourcecode.c.objc; path = KardzAppDelegate.m; sourceTree = "<group>"; };
		387E9ED31998D9570063E789 /* Base */ = {isa = PBXFileReference; lastKnownFileType = file.storyboard; name = Base; path = Base.lproj/Main.storyboard; sourceTree = "<group>"; };
		387E9ED51998D9570063E789 /* KardzViewController.h */ = {isa = PBXFileReference; lastKnownFileType = sourcecode.c.h; name = KardzViewController.h; path = Kardz/KardzViewController.h; sourceTree = "<group>"; };
		387E9ED61998D9570063E789 /* KardzViewController.m */ = {isa = PBXFileReference; lastKnownFileType = sourcecode.c.objc; name = KardzViewController.m; path = Kardz/KardzViewController.m; sourceTree = "<group>"; };
		387E9ED81998D9570063E789 /* Images.xcassets */ = {isa = PBXFileReference; lastKnownFileType = folder.assetcatalog; name = Images.xcassets; path = Kardz/Images.xcassets; sourceTree = "<group>"; };
		387E9EDE1998D9570063E789 /* KardzTests.xctest */ = {isa = PBXFileReference; explicitFileType = wrapper.cfbundle; includeInIndex = 0; path = KardzTests.xctest; sourceTree = BUILT_PRODUCTS_DIR; };
		387E9EDF1998D9570063E789 /* XCTest.framework */ = {isa = PBXFileReference; lastKnownFileType = wrapper.framework; name = XCTest.framework; path = Library/Frameworks/XCTest.framework; sourceTree = DEVELOPER_DIR; };
		387E9EE71998D9580063E789 /* KardzTests-Info.plist */ = {isa = PBXFileReference; lastKnownFileType = text.plist.xml; path = "KardzTests-Info.plist"; sourceTree = "<group>"; };
		387E9EE91998D9580063E789 /* en */ = {isa = PBXFileReference; lastKnownFileType = text.plist.strings; name = en; path = en.lproj/InfoPlist.strings; sourceTree = "<group>"; };
		387E9EEB1998D9580063E789 /* KardzTests.m */ = {isa = PBXFileReference; lastKnownFileType = sourcecode.c.objc; path = KardzTests.m; sourceTree = "<group>"; };
		387E9EF51998EBC80063E789 /* KardzCard.h */ = {isa = PBXFileReference; fileEncoding = 4; lastKnownFileType = sourcecode.c.h; name = KardzCard.h; path = Kardz/Model/KardzCard.h; sourceTree = "<group>"; };
		387E9EF61998EBC80063E789 /* KardzCard.m */ = {isa = PBXFileReference; fileEncoding = 4; lastKnownFileType = sourcecode.c.objc; name = KardzCard.m; path = Kardz/Model/KardzCard.m; sourceTree = "<group>"; };
		387E9EF91998EC360063E789 /* KardzPlayingCard.h */ = {isa = PBXFileReference; fileEncoding = 4; lastKnownFileType = sourcecode.c.h; name = KardzPlayingCard.h; path = Kardz/Model/KardzPlayingCard.h; sourceTree = "<group>"; };
		387E9EFA1998EC360063E789 /* KardzPlayingCard.m */ = {isa = PBXFileReference; fileEncoding = 4; lastKnownFileType = sourcecode.c.objc; name = KardzPlayingCard.m; path = Kardz/Model/KardzPlayingCard.m; sourceTree = "<group>"; };
		387E9EFC1998EEDE0063E789 /* KardzDeck.h */ = {isa = PBXFileReference; fileEncoding = 4; lastKnownFileType = sourcecode.c.h; name = KardzDeck.h; path = Kardz/Model/KardzDeck.h; sourceTree = "<group>"; };
		387E9EFD1998EEDE0063E789 /* KardzDeck.m */ = {isa = PBXFileReference; fileEncoding = 4; lastKnownFileType = sourcecode.c.objc; name = KardzDeck.m; path = Kardz/Model/KardzDeck.m; sourceTree = "<group>"; };
		387E9EFF1998EEFA0063E789 /* KardzPlayingCardsDeck.h */ = {isa = PBXFileReference; fileEncoding = 4; lastKnownFileType = sourcecode.c.h; name = KardzPlayingCardsDeck.h; path = Kardz/Model/KardzPlayingCardsDeck.h; sourceTree = "<group>"; };
		387E9F001998EEFA0063E789 /* KardzPlayingCardsDeck.m */ = {isa = PBXFileReference; fileEncoding = 4; lastKnownFileType = sourcecode.c.objc; name = KardzPlayingCardsDeck.m; path = Kardz/Model/KardzPlayingCardsDeck.m; sourceTree = "<group>"; };
		387E9F02199A252A0063E789 /* KardzCardMatchingGame.h */ = {isa = PBXFileReference; fileEncoding = 4; lastKnownFileType = sourcecode.c.h; name = KardzCardMatchingGame.h; path = Kardz/Model/KardzCardMatchingGame.h; sourceTree = "<group>"; };
		387E9F03199A252A0063E789 /* KardzCardMatchingGame.m */ = {isa = PBXFileReference; fileEncoding = 4; lastKnownFileType = sourcecode.c.objc; name = KardzCardMatchingGame.m; path = Kardz/Model/KardzCardMatchingGame.m; sourceTree = "<group>"; };
/* End PBXFileReference section */

/* Begin PBXFrameworksBuildPhase section */
		387E9EBA1998D9570063E789 /* Frameworks */ = {
			isa = PBXFrameworksBuildPhase;
			buildActionMask = 2147483647;
			files = (
				387E9EC31998D9570063E789 /* CoreGraphics.framework in Frameworks */,
				387E9EC51998D9570063E789 /* UIKit.framework in Frameworks */,
				387E9EC11998D9570063E789 /* Foundation.framework in Frameworks */,
			);
			runOnlyForDeploymentPostprocessing = 0;
		};
		387E9EDB1998D9570063E789 /* Frameworks */ = {
			isa = PBXFrameworksBuildPhase;
			buildActionMask = 2147483647;
			files = (
				387E9EE01998D9570063E789 /* XCTest.framework in Frameworks */,
				387E9EE21998D9570063E789 /* UIKit.framework in Frameworks */,
				387E9EE11998D9570063E789 /* Foundation.framework in Frameworks */,
			);
			runOnlyForDeploymentPostprocessing = 0;
		};
/* End PBXFrameworksBuildPhase section */

/* Begin PBXGroup section */
		387E9EB41998D9570063E789 = {
			isa = PBXGroup;
			children = (
				387E9ED21998D9570063E789 /* Main.storyboard */,
				387E9ED51998D9570063E789 /* KardzViewController.h */,
				387E9ED61998D9570063E789 /* KardzViewController.m */,
				387E9ED81998D9570063E789 /* Images.xcassets */,
				387E9EC71998D9570063E789 /* Supporting Files */,
				387E9EF81998EBF00063E789 /* Model */,
				387E9EE51998D9580063E789 /* KardzTests */,
				387E9EBF1998D9570063E789 /* Frameworks */,
				387E9EBE1998D9570063E789 /* Products */,
			);
			sourceTree = "<group>";
		};
		387E9EBE1998D9570063E789 /* Products */ = {
			isa = PBXGroup;
			children = (
				387E9EBD1998D9570063E789 /* Kardz.app */,
				387E9EDE1998D9570063E789 /* KardzTests.xctest */,
			);
			name = Products;
			sourceTree = "<group>";
		};
		387E9EBF1998D9570063E789 /* Frameworks */ = {
			isa = PBXGroup;
			children = (
				387E9EC01998D9570063E789 /* Foundation.framework */,
				387E9EC21998D9570063E789 /* CoreGraphics.framework */,
				387E9EC41998D9570063E789 /* UIKit.framework */,
				387E9EDF1998D9570063E789 /* XCTest.framework */,
			);
			name = Frameworks;
			sourceTree = "<group>";
		};
		387E9EC71998D9570063E789 /* Supporting Files */ = {
			isa = PBXGroup;
			children = (
				387E9ECF1998D9570063E789 /* KardzAppDelegate.h */,
				387E9ED01998D9570063E789 /* KardzAppDelegate.m */,
				387E9EC81998D9570063E789 /* Kardz-Info.plist */,
				387E9EC91998D9570063E789 /* InfoPlist.strings */,
				387E9ECC1998D9570063E789 /* main.m */,
				387E9ECE1998D9570063E789 /* Kardz-Prefix.pch */,
			);
			name = "Supporting Files";
			path = Kardz;
			sourceTree = "<group>";
		};
		387E9EE51998D9580063E789 /* KardzTests */ = {
			isa = PBXGroup;
			children = (
				387E9EEB1998D9580063E789 /* KardzTests.m */,
				387E9EE61998D9580063E789 /* Supporting Files */,
			);
			path = KardzTests;
			sourceTree = "<group>";
		};
		387E9EE61998D9580063E789 /* Supporting Files */ = {
			isa = PBXGroup;
			children = (
				387E9EE71998D9580063E789 /* KardzTests-Info.plist */,
				387E9EE81998D9580063E789 /* InfoPlist.strings */,
			);
			name = "Supporting Files";
			sourceTree = "<group>";
		};
		387E9EF81998EBF00063E789 /* Model */ = {
			isa = PBXGroup;
			children = (
				387E9EF51998EBC80063E789 /* KardzCard.h */,
				387E9EF61998EBC80063E789 /* KardzCard.m */,
				387E9EF91998EC360063E789 /* KardzPlayingCard.h */,
				387E9EFA1998EC360063E789 /* KardzPlayingCard.m */,
				387E9EFC1998EEDE0063E789 /* KardzDeck.h */,
				387E9EFD1998EEDE0063E789 /* KardzDeck.m */,
				387E9EFF1998EEFA0063E789 /* KardzPlayingCardsDeck.h */,
				387E9F001998EEFA0063E789 /* KardzPlayingCardsDeck.m */,
				387E9F02199A252A0063E789 /* KardzCardMatchingGame.h */,
				387E9F03199A252A0063E789 /* KardzCardMatchingGame.m */,
			);
			name = Model;
			sourceTree = "<group>";
		};
/* End PBXGroup section */

/* Begin PBXNativeTarget section */
		387E9EBC1998D9570063E789 /* Kardz */ = {
			isa = PBXNativeTarget;
			buildConfigurationList = 387E9EEF1998D9580063E789 /* Build configuration list for PBXNativeTarget "Kardz" */;
			buildPhases = (
				387E9EB91998D9570063E789 /* Sources */,
				387E9EBA1998D9570063E789 /* Frameworks */,
				387E9EBB1998D9570063E789 /* Resources */,
			);
			buildRules = (
			);
			dependencies = (
			);
			name = Kardz;
			productName = Kardz;
			productReference = 387E9EBD1998D9570063E789 /* Kardz.app */;
			productType = "com.apple.product-type.application";
		};
		387E9EDD1998D9570063E789 /* KardzTests */ = {
			isa = PBXNativeTarget;
			buildConfigurationList = 387E9EF21998D9580063E789 /* Build configuration list for PBXNativeTarget "KardzTests" */;
			buildPhases = (
				387E9EDA1998D9570063E789 /* Sources */,
				387E9EDB1998D9570063E789 /* Frameworks */,
				387E9EDC1998D9570063E789 /* Resources */,
			);
			buildRules = (
			);
			dependencies = (
				387E9EE41998D9580063E789 /* PBXTargetDependency */,
			);
			name = KardzTests;
			productName = KardzTests;
			productReference = 387E9EDE1998D9570063E789 /* KardzTests.xctest */;
			productType = "com.apple.product-type.bundle.unit-test";
		};
/* End PBXNativeTarget section */

/* Begin PBXProject section */
		387E9EB51998D9570063E789 /* Project object */ = {
			isa = PBXProject;
			attributes = {
				CLASSPREFIX = Kardz;
				LastUpgradeCheck = 0510;
				ORGANIZATIONNAME = "Kai-Arne Reiter";
				TargetAttributes = {
					387E9EDD1998D9570063E789 = {
						TestTargetID = 387E9EBC1998D9570063E789;
					};
				};
			};
			buildConfigurationList = 387E9EB81998D9570063E789 /* Build configuration list for PBXProject "Kardz" */;
			compatibilityVersion = "Xcode 3.2";
			developmentRegion = English;
			hasScannedForEncodings = 0;
			knownRegions = (
				en,
				Base,
			);
			mainGroup = 387E9EB41998D9570063E789;
			productRefGroup = 387E9EBE1998D9570063E789 /* Products */;
			projectDirPath = "";
			projectRoot = "";
			targets = (
				387E9EBC1998D9570063E789 /* Kardz */,
				387E9EDD1998D9570063E789 /* KardzTests */,
			);
		};
/* End PBXProject section */

/* Begin PBXResourcesBuildPhase section */
		387E9EBB1998D9570063E789 /* Resources */ = {
			isa = PBXResourcesBuildPhase;
			buildActionMask = 2147483647;
			files = (
				387E9ED91998D9570063E789 /* Images.xcassets in Resources */,
				387E9ECB1998D9570063E789 /* InfoPlist.strings in Resources */,
				387E9ED41998D9570063E789 /* Main.storyboard in Resources */,
			);
			runOnlyForDeploymentPostprocessing = 0;
		};
		387E9EDC1998D9570063E789 /* Resources */ = {
			isa = PBXResourcesBuildPhase;
			buildActionMask = 2147483647;
			files = (
				387E9EEA1998D9580063E789 /* InfoPlist.strings in Resources */,
			);
			runOnlyForDeploymentPostprocessing = 0;
		};
/* End PBXResourcesBuildPhase section */

/* Begin PBXSourcesBuildPhase section */
		387E9EB91998D9570063E789 /* Sources */ = {
			isa = PBXSourcesBuildPhase;
			buildActionMask = 2147483647;
			files = (
				387E9EF71998EBC80063E789 /* KardzCard.m in Sources */,
				387E9ECD1998D9570063E789 /* main.m in Sources */,
				387E9ED11998D9570063E789 /* KardzAppDelegate.m in Sources */,
				387E9EFE1998EEDE0063E789 /* KardzDeck.m in Sources */,
				387E9EFB1998EC360063E789 /* KardzPlayingCard.m in Sources */,
				387E9F04199A252A0063E789 /* KardzCardMatchingGame.m in Sources */,
				387E9F011998EEFA0063E789 /* KardzPlayingCardsDeck.m in Sources */,
				387E9ED71998D9570063E789 /* KardzViewController.m in Sources */,
			);
			runOnlyForDeploymentPostprocessing = 0;
		};
		387E9EDA1998D9570063E789 /* Sources */ = {
			isa = PBXSourcesBuildPhase;
			buildActionMask = 2147483647;
			files = (
				387E9EEC1998D9580063E789 /* KardzTests.m in Sources */,
			);
			runOnlyForDeploymentPostprocessing = 0;
		};
/* End PBXSourcesBuildPhase section */

/* Begin PBXTargetDependency section */
		387E9EE41998D9580063E789 /* PBXTargetDependency */ = {
			isa = PBXTargetDependency;
			target = 387E9EBC1998D9570063E789 /* Kardz */;
			targetProxy = 387E9EE31998D9580063E789 /* PBXContainerItemProxy */;
		};
/* End PBXTargetDependency section */

/* Begin PBXVariantGroup section */
		387E9EC91998D9570063E789 /* InfoPlist.strings */ = {
			isa = PBXVariantGroup;
			children = (
				387E9ECA1998D9570063E789 /* en */,
			);
			name = InfoPlist.strings;
			sourceTree = "<group>";
		};
		387E9ED21998D9570063E789 /* Main.storyboard */ = {
			isa = PBXVariantGroup;
			children = (
				387E9ED31998D9570063E789 /* Base */,
			);
			name = Main.storyboard;
			path = Kardz;
			sourceTree = "<group>";
		};
		387E9EE81998D9580063E789 /* InfoPlist.strings */ = {
			isa = PBXVariantGroup;
			children = (
				387E9EE91998D9580063E789 /* en */,
			);
			name = InfoPlist.strings;
			sourceTree = "<group>";
		};
/* End PBXVariantGroup section */

/* Begin XCBuildConfiguration section */
		387E9EED1998D9580063E789 /* Debug */ = {
			isa = XCBuildConfiguration;
			buildSettings = {
				ALWAYS_SEARCH_USER_PATHS = NO;
				CLANG_CXX_LANGUAGE_STANDARD = "gnu++0x";
				CLANG_CXX_LIBRARY = "libc++";
				CLANG_ENABLE_MODULES = YES;
				CLANG_ENABLE_OBJC_ARC = YES;
				CLANG_WARN_BOOL_CONVERSION = YES;
				CLANG_WARN_CONSTANT_CONVERSION = YES;
				CLANG_WARN_DIRECT_OBJC_ISA_USAGE = YES_ERROR;
				CLANG_WARN_EMPTY_BODY = YES;
				CLANG_WARN_ENUM_CONVERSION = YES;
				CLANG_WARN_INT_CONVERSION = YES;
				CLANG_WARN_OBJC_ROOT_CLASS = YES_ERROR;
				CLANG_WARN__DUPLICATE_METHOD_MATCH = YES;
				"CODE_SIGN_IDENTITY[sdk=iphoneos*]" = "iPhone Developer";
				COPY_PHASE_STRIP = NO;
				GCC_C_LANGUAGE_STANDARD = gnu99;
				GCC_DYNAMIC_NO_PIC = NO;
				GCC_OPTIMIZATION_LEVEL = 0;
				GCC_PREPROCESSOR_DEFINITIONS = (
					"DEBUG=1",
					"$(inherited)",
				);
				GCC_SYMBOLS_PRIVATE_EXTERN = NO;
				GCC_WARN_64_TO_32_BIT_CONVERSION = YES;
				GCC_WARN_ABOUT_RETURN_TYPE = YES_ERROR;
				GCC_WARN_UNDECLARED_SELECTOR = YES;
				GCC_WARN_UNINITIALIZED_AUTOS = YES_AGGRESSIVE;
				GCC_WARN_UNUSED_FUNCTION = YES;
				GCC_WARN_UNUSED_VARIABLE = YES;
				IPHONEOS_DEPLOYMENT_TARGET = 7.1;
				ONLY_ACTIVE_ARCH = YES;
				SDKROOT = iphoneos;
			};
			name = Debug;
		};
		387E9EEE1998D9580063E789 /* Release */ = {
			isa = XCBuildConfiguration;
			buildSettings = {
				ALWAYS_SEARCH_USER_PATHS = NO;
				CLANG_CXX_LANGUAGE_STANDARD = "gnu++0x";
				CLANG_CXX_LIBRARY = "libc++";
				CLANG_ENABLE_MODULES = YES;
				CLANG_ENABLE_OBJC_ARC = YES;
				CLANG_WARN_BOOL_CONVERSION = YES;
				CLANG_WARN_CONSTANT_CONVERSION = YES;
				CLANG_WARN_DIRECT_OBJC_ISA_USAGE = YES_ERROR;
				CLANG_WARN_EMPTY_BODY = YES;
				CLANG_WARN_ENUM_CONVERSION = YES;
				CLANG_WARN_INT_CONVERSION = YES;
				CLANG_WARN_OBJC_ROOT_CLASS = YES_ERROR;
				CLANG_WARN__DUPLICATE_METHOD_MATCH = YES;
				"CODE_SIGN_IDENTITY[sdk=iphoneos*]" = "iPhone Developer";
				COPY_PHASE_STRIP = YES;
				ENABLE_NS_ASSERTIONS = NO;
				GCC_C_LANGUAGE_STANDARD = gnu99;
				GCC_WARN_64_TO_32_BIT_CONVERSION = YES;
				GCC_WARN_ABOUT_RETURN_TYPE = YES_ERROR;
				GCC_WARN_UNDECLARED_SELECTOR = YES;
				GCC_WARN_UNINITIALIZED_AUTOS = YES_AGGRESSIVE;
				GCC_WARN_UNUSED_FUNCTION = YES;
				GCC_WARN_UNUSED_VARIABLE = YES;
				IPHONEOS_DEPLOYMENT_TARGET = 7.1;
				SDKROOT = iphoneos;
				VALIDATE_PRODUCT = YES;
			};
			name = Release;
		};
		387E9EF01998D9580063E789 /* Debug */ = {
			isa = XCBuildConfiguration;
			buildSettings = {
				ASSETCATALOG_COMPILER_APPICON_NAME = AppIcon;
				ASSETCATALOG_COMPILER_LAUNCHIMAGE_NAME = LaunchImage;
				GCC_PRECOMPILE_PREFIX_HEADER = YES;
				GCC_PREFIX_HEADER = "Kardz/Kardz-Prefix.pch";
				INFOPLIST_FILE = "Kardz/Kardz-Info.plist";
				PRODUCT_NAME = "$(TARGET_NAME)";
				WRAPPER_EXTENSION = app;
			};
			name = Debug;
		};
		387E9EF11998D9580063E789 /* Release */ = {
			isa = XCBuildConfiguration;
			buildSettings = {
				ASSETCATALOG_COMPILER_APPICON_NAME = AppIcon;
				ASSETCATALOG_COMPILER_LAUNCHIMAGE_NAME = LaunchImage;
				GCC_PRECOMPILE_PREFIX_HEADER = YES;
				GCC_PREFIX_HEADER = "Kardz/Kardz-Prefix.pch";
				INFOPLIST_FILE = "Kardz/Kardz-Info.plist";
				PRODUCT_NAME = "$(TARGET_NAME)";
				WRAPPER_EXTENSION = app;
			};
			name = Release;
		};
		387E9EF31998D9580063E789 /* Debug */ = {
			isa = XCBuildConfiguration;
			buildSettings = {
				BUNDLE_LOADER = "$(BUILT_PRODUCTS_DIR)/Kardz.app/Kardz";
				FRAMEWORK_SEARCH_PATHS = (
					"$(SDKROOT)/Developer/Library/Frameworks",
					"$(inherited)",
					"$(DEVELOPER_FRAMEWORKS_DIR)",
				);
				GCC_PRECOMPILE_PREFIX_HEADER = YES;
				GCC_PREFIX_HEADER = "Kardz/Kardz-Prefix.pch";
				GCC_PREPROCESSOR_DEFINITIONS = (
					"DEBUG=1",
					"$(inherited)",
				);
				INFOPLIST_FILE = "KardzTests/KardzTests-Info.plist";
				PRODUCT_NAME = "$(TARGET_NAME)";
				TEST_HOST = "$(BUNDLE_LOADER)";
				WRAPPER_EXTENSION = xctest;
			};
			name = Debug;
		};
		387E9EF41998D9580063E789 /* Release */ = {
			isa = XCBuildConfiguration;
			buildSettings = {
				BUNDLE_LOADER = "$(BUILT_PRODUCTS_DIR)/Kardz.app/Kardz";
				FRAMEWORK_SEARCH_PATHS = (
					"$(SDKROOT)/Developer/Library/Frameworks",
					"$(inherited)",
					"$(DEVELOPER_FRAMEWORKS_DIR)",
				);
				GCC_PRECOMPILE_PREFIX_HEADER = YES;
				GCC_PREFIX_HEADER = "Kardz/Kardz-Prefix.pch";
				INFOPLIST_FILE = "KardzTests/KardzTests-Info.plist";
				PRODUCT_NAME = "$(TARGET_NAME)";
				TEST_HOST = "$(BUNDLE_LOADER)";
				WRAPPER_EXTENSION = xctest;
			};
			name = Release;
		};
/* End XCBuildConfiguration section */

/* Begin XCConfigurationList section */
		387E9EB81998D9570063E789 /* Build configuration list for PBXProject "Kardz" */ = {
			isa = XCConfigurationList;
			buildConfigurations = (
				387E9EED1998D9580063E789 /* Debug */,
				387E9EEE1998D9580063E789 /* Release */,
			);
			defaultConfigurationIsVisible = 0;
			defaultConfigurationName = Release;
		};
		387E9EEF1998D9580063E789 /* Build configuration list for PBXNativeTarget "Kardz" */ = {
			isa = XCConfigurationList;
			buildConfigurations = (
				387E9EF01998D9580063E789 /* Debug */,
				387E9EF11998D9580063E789 /* Release */,
			);
			defaultConfigurationIsVisible = 0;
			defaultConfigurationName = Release;
		};
		387E9EF21998D9580063E789 /* Build configuration list for PBXNativeTarget "KardzTests" */ = {
			isa = XCConfigurationList;
			buildConfigurations = (
				387E9EF31998D9580063E789 /* Debug */,
				387E9EF41998D9580063E789 /* Release */,
			);
			defaultConfigurationIsVisible = 0;
			defaultConfigurationName = Release;
		};
/* End XCConfigurationList section */
	};
	rootObject = 387E9EB51998D9570063E789 /* Project object */;
}
